<Solution>
  <Folder Name="/LibraryManagementSystem.Web/">
    <Project Path="LibraryManagementSystem.Web/LibraryManagementSystem.Web.Client/LibraryManagementSystem.Web.Client.csproj" />
    <Project Path="LibraryManagementSystem.Web/LibraryManagementSystem.Web/LibraryManagementSystem.Web.csproj" />
  </Folder>
  <Project Path="frontend/frontend.esproj">
    <Build />
    <Deploy />
  </Project>
  <Project Path="LibraryManagementSystem.Api/LibraryManagementSystem.Api.csproj" />
  <Project Path="LibraryManagementSystem.Application/LibraryManagementSystem.Application.csproj" />
  <Project Path="LibraryManagementSystem.Domain/LibraryManagementSystem.Domain.csproj" />
  <Project Path="LibraryManagementSystem.Infrastructure/LibraryManagementSystem.Infrastructure.csproj" />
  <Project Path="LibraryManagementSystem.Tests/LibraryManagementSystem.Tests.csproj" />
</Solution>
